
Microsoft Visual Studio Solution File, Format Version 12.00
# Visual Studio Version 17
VisualStudioVersion = 17.1.32319.34
MinimumVisualStudioVersion = 10.0.40219.1
Project("{FAE04EC0-301F-11D3-BF4B-00C04F79EFBC}") = "HomeworkDp3", "HomeworkDp3\HomeworkDp3.csproj", "{7684F0E4-D2B2-46FD-B8CD-9C4C701F2408}"
EndProject
Project("{FAE04EC0-301F-11D3-BF4B-00C04F79EFBC}") = "Observer", "Observer\Observer.csproj", "{1DB49D76-45D6-4391-B62C-4069F16FAE00}"
EndProject
Project("{FAE04EC0-301F-11D3-BF4B-00C04F79EFBC}") = "State", "State\State.csproj", "{3B1E948C-29DD-4BE4-A2ED-B942C123E57D}"
EndProject
Global
	GlobalSection(SolutionConfigurationPlatforms) = preSolution
		Debug|Any CPU = Debug|Any CPU
		Release|Any CPU = Release|Any CPU
	EndGlobalSection
	GlobalSection(ProjectConfigurationPlatforms) = postSolution
		{7684F0E4-D2B2-46FD-B8CD-9C4C701F2408}.Debug|Any CPU.ActiveCfg = Debug|Any CPU
		{7684F0E4-D2B2-46FD-B8CD-9C4C701F2408}.Debug|Any CPU.Build.0 = Debug|Any CPU
		{7684F0E4-D2B2-46FD-B8CD-9C4C701F2408}.Release|Any CPU.ActiveCfg = Release|Any CPU
		{7684F0E4-D2B2-46FD-B8CD-9C4C701F2408}.Release|Any CPU.Build.0 = Release|Any CPU
		{1DB49D76-45D6-4391-B62C-4069F16FAE00}.Debug|Any CPU.ActiveCfg = Debug|Any CPU
		{1DB49D76-45D6-4391-B62C-4069F16FAE00}.Debug|Any CPU.Build.0 = Debug|Any CPU
		{1DB49D76-45D6-4391-B62C-4069F16FAE00}.Release|Any CPU.ActiveCfg = Release|Any CPU
		{1DB49D76-45D6-4391-B62C-4069F16FAE00}.Release|Any CPU.Build.0 = Release|Any CPU
		{3B1E948C-29DD-4BE4-A2ED-B942C123E57D}.Debug|Any CPU.ActiveCfg = Debug|Any CPU
		{3B1E948C-29DD-4BE4-A2ED-B942C123E57D}.Debug|Any CPU.Build.0 = Debug|Any CPU
		{3B1E948C-29DD-4BE4-A2ED-B942C123E57D}.Release|Any CPU.ActiveCfg = Release|Any CPU
		{3B1E948C-29DD-4BE4-A2ED-B942C123E57D}.Release|Any CPU.Build.0 = Release|Any CPU
	EndGlobalSection
	GlobalSection(SolutionProperties) = preSolution
		HideSolutionNode = FALSE
	EndGlobalSection
	GlobalSection(ExtensibilityGlobals) = postSolution
		SolutionGuid = {421EF6E8-6863-4831-8E01-22F2260CEF75}
	EndGlobalSection
EndGlobal
